{
  "name": "secure-mail-console",
  "version": "1.0.0",
  "lockfileVersion": 3,
  "requires": true,
  "packages": {
    "": {
      "name": "secure-mail-console",
      "version": "1.0.0",
      "dependencies": {
        "cors": "^2.8.6",
        "dotenv": "^17.3.1",
        "express": "^5.2.1",
        "nodemailer": "^8.0.3"
      }
    }
  }
}
